// !$*UTF8*$!
{
	archiveVersion = 1;
	classes = {
	};
	objectVersion = 50;
	objects = {

/* Begin PBXBuildFile section */
		045CD587246688C800254881 /* AppDelegate.m in Sources */ = {isa = PBXBuildFile; fileRef = 045CD586246688C800254881 /* AppDelegate.m */; };
		045CD58A246688C800254881 /* SceneDelegate.m in Sources */ = {isa = PBXBuildFile; fileRef = 045CD589246688C800254881 /* SceneDelegate.m */; };
		045CD58D246688C800254881 /* ViewController.m in Sources */ = {isa = PBXBuildFile; fileRef = 045CD58C246688C800254881 /* ViewController.m */; };
		045CD590246688C800254881 /* Main.storyboard in Resources */ = {isa = PBXBuildFile; fileRef = 045CD58E246688C800254881 /* Main.storyboard */; };
		045CD592246688CC00254881 /* Assets.xcassets in Resources */ = {isa = PBXBuildFile; fileRef = 045CD591246688CC00254881 /* Assets.xcassets */; };
		045CD595246688CC00254881 /* LaunchScreen.storyboard in Resources */ = {isa = PBXBuildFile; fileRef = 045CD593246688CC00254881 /* LaunchScreen.storyboard */; };
		045CD598246688CC00254881 /* main.m in Sources */ = {isa = PBXBuildFile; fileRef = 045CD597246688CC00254881 /* main.m */; };
/* End PBXBuildFile section */

/* Begin PBXFileReference section */
		045CD582246688C800254881 /* LXPlayerModule.app */ = {isa = PBXFileReference; explicitFileType = wrapper.application; includeInIndex = 0; path = LXPlayerModule.app; sourceTree = BUILT_PRODUCTS_DIR; };
		045CD585246688C800254881 /* AppDelegate.h */ = {isa = PBXFileReference; lastKnownFileType = sourcecode.c.h; path = AppDelegate.h; sourceTree = "<group>"; };
		045CD586246688C800254881 /* AppDelegate.m */ = {isa = PBXFileReference; lastKnownFileType = sourcecode.c.objc; path = AppDelegate.m; sourceTree = "<group>"; };
		045CD588246688C800254881 /* SceneDelegate.h */ = {isa = PBXFileReference; lastKnownFileType = sourcecode.c.h; path = SceneDelegate.h; sourceTree = "<group>"; };
		045CD589246688C800254881 /* SceneDelegate.m */ = {isa = PBXFileReference; lastKnownFileType = sourcecode.c.objc; path = SceneDelegate.m; sourceTree = "<group>"; };
		045CD58B246688C800254881 /* ViewController.h */ = {isa = PBXFileReference; lastKnownFileType = sourcecode.c.h; path = ViewController.h; sourceTree = "<group>"; };
		045CD58C246688C800254881 /* ViewController.m */ = {isa = PBXFileReference; lastKnownFileType = sourcecode.c.objc; path = ViewController.m; sourceTree = "<group>"; };
		045CD58F246688C800254881 /* Base */ = {isa = PBXFileReference; lastKnownFileType = file.storyboard; name = Base; path = Base.lproj/Main.storyboard; sourceTree = "<group>"; };
		045CD591246688CC00254881 /* Assets.xcassets */ = {isa = PBXFileReference; lastKnownFileType = folder.assetcatalog; path = Assets.xcassets; sourceTree = "<group>"; };
		045CD594246688CC00254881 /* Base */ = {isa = PBXFileReference; lastKnownFileType = file.storyboard; name = Base; path = Base.lproj/LaunchScreen.storyboard; sourceTree = "<group>"; };
		045CD596246688CC00254881 /* Info.plist */ = {isa = PBXFileReference; lastKnownFileType = text.plist.xml; path = Info.plist; sourceTree = "<group>"; };
		045CD597246688CC00254881 /* main.m */ = {isa = PBXFileReference; lastKnownFileType = sourcecode.c.objc; path = main.m; sourceTree = "<group>"; };
/* End PBXFileReference section */

/* Begin PBXFrameworksBuildPhase section */
		045CD57F246688C800254881 /* Frameworks */ = {
			isa = PBXFrameworksBuildPhase;
			buildActionMask = 2147483647;
			files = (
			);
			runOnlyForDeploymentPostprocessing = 0;
		};
/* End PBXFrameworksBuildPhase section */

/* Begin PBXGroup section */
		045CD579246688C800254881 = {
			isa = PBXGroup;
			children = (
				045CD584246688C800254881 /* LXPlayerModule */,
				045CD583246688C800254881 /* Products */,
			);
			sourceTree = "<group>";
		};
		045CD583246688C800254881 /* Products */ = {
			isa = PBXGroup;
			children = (
				045CD582246688C800254881 /* LXPlayerModule.app */,
			);
			name = Products;
			sourceTree = "<group>";
		};
		045CD584246688C800254881 /* LXPlayerModule */ = {
			isa = PBXGroup;
			children = (
				045CD585246688C800254881 /* AppDelegate.h */,
				045CD586246688C800254881 /* AppDelegate.m */,
				045CD588246688C800254881 /* SceneDelegate.h */,
				045CD589246688C800254881 /* SceneDelegate.m */,
				045CD58B246688C800254881 /* ViewController.h */,
				045CD58C246688C800254881 /* ViewController.m */,
				045CD58E246688C800254881 /* Main.storyboard */,
				045CD591246688CC00254881 /* Assets.xcassets */,
				045CD593246688CC00254881 /* LaunchScreen.storyboard */,
				045CD596246688CC00254881 /* Info.plist */,
				045CD597246688CC00254881 /* main.m */,
			);
			path = LXPlayerModule;
			sourceTree = "<group>";
		};
/* End PBXGroup section */

/* Begin PBXNativeTarget section */
		045CD581246688C800254881 /* LXPlayerModule */ = {
			isa = PBXNativeTarget;
			buildConfigurationList = 045CD59B246688CC00254881 /* Build configuration list for PBXNativeTarget "LXPlayerModule" */;
			buildPhases = (
				045CD57E246688C800254881 /* Sources */,
				045CD57F246688C800254881 /* Frameworks */,
				045CD580246688C800254881 /* Resources */,
			);
			buildRules = (
			);
			dependencies = (
			);
			name = LXPlayerModule;
			productName = LXPlayerModule;
			productReference = 045CD582246688C800254881 /* LXPlayerModule.app */;
			productType = "com.apple.product-type.application";
		};
/* End PBXNativeTarget section */

/* Begin PBXProject section */
		045CD57A246688C800254881 /* Project object */ = {
			isa = PBXProject;
			attributes = {
				LastUpgradeCheck = 1130;
				ORGANIZATIONNAME = "李响";
				TargetAttributes = {
					045CD581246688C800254881 = {
						CreatedOnToolsVersion = 11.3.1;
					};
				};
			};
			buildConfigurationList = 045CD57D246688C800254881 /* Build configuration list for PBXProject "LXPlayerModule" */;
			compatibilityVersion = "Xcode 9.3";
			developmentRegion = en;
			hasScannedForEncodings = 0;
			knownRegions = (
				en,
				Base,
			);
			mainGroup = 045CD579246688C800254881;
			productRefGroup = 045CD583246688C800254881 /* Products */;
			projectDirPath = "";
			projectRoot = "";
			targets = (
				045CD581246688C800254881 /* LXPlayerModule */,
			);
		};
/* End PBXProject section */

/* Begin PBXResourcesBuildPhase section */
		045CD580246688C800254881 /* Resources */ = {
			isa = PBXResourcesBuildPhase;
			buildActionMask = 2147483647;
			files = (
				045CD595246688CC00254881 /* LaunchScreen.storyboard in Resources */,
				045CD592246688CC00254881 /* Assets.xcassets in Resources */,
				045CD590246688C800254881 /* Main.storyboard in Resources */,
			);
			runOnlyForDeploymentPostprocessing = 0;
		};
/* End PBXResourcesBuildPhase section */

/* Begin PBXSourcesBuildPhase section */
		045CD57E246688C800254881 /* Sources */ = {
			isa = PBXSourcesBuildPhase;
			buildActionMask = 2147483647;
			files = (
				045CD58D246688C800254881 /* ViewController.m in Sources */,
				045CD587246688C800254881 /* AppDelegate.m in Sources */,
				045CD598246688CC00254881 /* main.m in Sources */,
				045CD58A246688C800254881 /* SceneDelegate.m in Sources */,
			);
			runOnlyForDeploymentPostprocessing = 0;
		};
/* End PBXSourcesBuildPhase section */

/* Begin PBXVariantGroup section */
		045CD58E246688C800254881 /* Main.storyboard */ = {
			isa = PBXVariantGroup;
			children = (
				045CD58F246688C800254881 /* Base */,
			);
			name = Main.storyboard;
			sourceTree = "<group>";
		};
		045CD593246688CC00254881 /* LaunchScreen.storyboard */ = {
			isa = PBXVariantGroup;
			children = (
				045CD594246688CC00254881 /* Base */,
			);
			name = LaunchScreen.storyboard;
			sourceTree = "<group>";
		};
/* End PBXVariantGroup section */

/* Begin XCBuildConfiguration section */
		045CD599246688CC00254881 /* Debug */ = {
			isa = XCBuildConfiguration;
			buildSettings = {
				ALWAYS_SEARCH_USER_PATHS = NO;
				CLANG_ANALYZER_NONNULL = YES;
				CLANG_ANALYZER_NUMBER_OBJECT_CONVERSION = YES_AGGRESSIVE;
				CLANG_CXX_LANGUAGE_STANDARD = "gnu++14";
				CLANG_CXX_LIBRARY = "libc++";
				CLANG_ENABLE_MODULES = YES;
				CLANG_ENABLE_OBJC_ARC = YES;
				CLANG_ENABLE_OBJC_WEAK = YES;
				CLANG_WARN_BLOCK_CAPTURE_AUTORELEASING = YES;
				CLANG_WARN_BOOL_CONVERSION = YES;
				CLANG_WARN_COMMA = YES;
				CLANG_WARN_CONSTANT_CONVERSION = YES;
				CLANG_WARN_DEPRECATED_OBJC_IMPLEMENTATIONS = YES;
				CLANG_WARN_DIRECT_OBJC_ISA_USAGE = YES_ERROR;
				CLANG_WARN_DOCUMENTATION_COMMENTS = YES;
				CLANG_WARN_EMPTY_BODY = YES;
				CLANG_WARN_ENUM_CONVERSION = YES;
				CLANG_WARN_INFINITE_RECURSION = YES;
				CLANG_WARN_INT_CONVERSION = YES;
				CLANG_WARN_NON_LITERAL_NULL_CONVERSION = YES;
				CLANG_WARN_OBJC_IMPLICIT_RETAIN_SELF = YES;
				CLANG_WARN_OBJC_LITERAL_CONVERSION = YES;
				CLANG_WARN_OBJC_ROOT_CLASS = YES_ERROR;
				CLANG_WARN_RANGE_LOOP_ANALYSIS = YES;
				CLANG_WARN_STRICT_PROTOTYPES = YES;
				CLANG_WARN_SUSPICIOUS_MOVE = YES;
				CLANG_WARN_UNGUARDED_AVAILABILITY = YES_AGGRESSIVE;
				CLANG_WARN_UNREACHABLE_CODE = YES;
				CLANG_WARN__DUPLICATE_METHOD_MATCH = YES;
				COPY_PHASE_STRIP = NO;
				DEBUG_INFORMATION_FORMAT = dwarf;
				ENABLE_STRICT_OBJC_MSGSEND = YES;
				ENABLE_TESTABILITY = YES;
				GCC_C_LANGUAGE_STANDARD = gnu11;
				GCC_DYNAMIC_NO_PIC = NO;
				GCC_NO_COMMON_BLOCKS = YES;
				GCC_OPTIMIZATION_LEVEL = 0;
				GCC_PREPROCESSOR_DEFINITIONS = (
					"DEBUG=1",
					"$(inherited)",
				);
				GCC_WARN_64_TO_32_BIT_CONVERSION = YES;
				GCC_WARN_ABOUT_RETURN_TYPE = YES_ERROR;
				GCC_WARN_UNDECLARED_SELECTOR = YES;
				GCC_WARN_UNINITIALIZED_AUTOS = YES_AGGRESSIVE;
				GCC_WARN_UNUSED_FUNCTION = YES;
				GCC_WARN_UNUSED_VARIABLE = YES;
				IPHONEOS_DEPLOYMENT_TARGET = 13.2;
				MTL_ENABLE_DEBUG_INFO = INCLUDE_SOURCE;
				MTL_FAST_MATH = YES;
				ONLY_ACTIVE_ARCH = YES;
				SDKROOT = iphoneos;
			};
			name = Debug;
		};
		045CD59A246688CC00254881 /* Release */ = {
			isa = XCBuildConfiguration;
			buildSettings = {
				ALWAYS_SEARCH_USER_PATHS = NO;
				CLANG_ANALYZER_NONNULL = YES;
				CLANG_ANALYZER_NUMBER_OBJECT_CONVERSION = YES_AGGRESSIVE;
				CLANG_CXX_LANGUAGE_STANDARD = "gnu++14";
				CLANG_CXX_LIBRARY = "libc++";
				CLANG_ENABLE_MODULES = YES;
				CLANG_ENABLE_OBJC_ARC = YES;
				CLANG_ENABLE_OBJC_WEAK = YES;
				CLANG_WARN_BLOCK_CAPTURE_AUTORELEASING = YES;
				CLANG_WARN_BOOL_CONVERSION = YES;
				CLANG_WARN_COMMA = YES;
				CLANG_WARN_CONSTANT_CONVERSION = YES;
				CLANG_WARN_DEPRECATED_OBJC_IMPLEMENTATIONS = YES;
				CLANG_WARN_DIRECT_OBJC_ISA_USAGE = YES_ERROR;
				CLANG_WARN_DOCUMENTATION_COMMENTS = YES;
				CLANG_WARN_EMPTY_BODY = YES;
				CLANG_WARN_ENUM_CONVERSION = YES;
				CLANG_WARN_INFINITE_RECURSION = YES;
				CLANG_WARN_INT_CONVERSION = YES;
				CLANG_WARN_NON_LITERAL_NULL_CONVERSION = YES;
				CLANG_WARN_OBJC_IMPLICIT_RETAIN_SELF = YES;
				CLANG_WARN_OBJC_LITERAL_CONVERSION = YES;
				CLANG_WARN_OBJC_ROOT_CLASS = YES_ERROR;
				CLANG_WARN_RANGE_LOOP_ANALYSIS = YES;
				CLANG_WARN_STRICT_PROTOTYPES = YES;
				CLANG_WARN_SUSPICIOUS_MOVE = YES;
				CLANG_WARN_UNGUARDED_AVAILABILITY = YES_AGGRESSIVE;
				CLANG_WARN_UNREACHABLE_CODE = YES;
				CLANG_WARN__DUPLICATE_METHOD_MATCH = YES;
				COPY_PHASE_STRIP = NO;
				DEBUG_INFORMATION_FORMAT = "dwarf-with-dsym";
				ENABLE_NS_ASSERTIONS = NO;
				ENABLE_STRICT_OBJC_MSGSEND = YES;
				GCC_C_LANGUAGE_STANDARD = gnu11;
				GCC_NO_COMMON_BLOCKS = YES;
				GCC_WARN_64_TO_32_BIT_CONVERSION = YES;
				GCC_WARN_ABOUT_RETURN_TYPE = YES_ERROR;
				GCC_WARN_UNDECLARED_SELECTOR = YES;
				GCC_WARN_UNINITIALIZED_AUTOS = YES_AGGRESSIVE;
				GCC_WARN_UNUSED_FUNCTION = YES;
				GCC_WARN_UNUSED_VARIABLE = YES;
				IPHONEOS_DEPLOYMENT_TARGET = 13.2;
				MTL_ENABLE_DEBUG_INFO = NO;
				MTL_FAST_MATH = YES;
				SDKROOT = iphoneos;
				VALIDATE_PRODUCT = YES;
			};
			name = Release;
		};
		045CD59C246688CC00254881 /* Debug */ = {
			isa = XCBuildConfiguration;
			buildSettings = {
				ASSETCATALOG_COMPILER_APPICON_NAME = AppIcon;
				CODE_SIGN_STYLE = Automatic;
				DEVELOPMENT_TEAM = 4HP843PHPG;
				INFOPLIST_FILE = LXPlayerModule/Info.plist;
				LD_RUNPATH_SEARCH_PATHS = (
					"$(inherited)",
					"@executable_path/Frameworks",
				);
				PRODUCT_BUNDLE_IDENTIFIER = LIXINGXLee.LXPlayerModule;
				PRODUCT_NAME = "$(TARGET_NAME)";
				TARGETED_DEVICE_FAMILY = "1,2";
			};
			name = Debug;
		};
		045CD59D246688CC00254881 /* Release */ = {
			isa = XCBuildConfiguration;
			buildSettings = {
				ASSETCATALOG_COMPILER_APPICON_NAME = AppIcon;
				CODE_SIGN_STYLE = Automatic;
				DEVELOPMENT_TEAM = 4HP843PHPG;
				INFOPLIST_FILE = LXPlayerModule/Info.plist;
				LD_RUNPATH_SEARCH_PATHS = (
					"$(inherited)",
					"@executable_path/Frameworks",
				);
				PRODUCT_BUNDLE_IDENTIFIER = LIXINGXLee.LXPlayerModule;
				PRODUCT_NAME = "$(TARGET_NAME)";
				TARGETED_DEVICE_FAMILY = "1,2";
			};
			name = Release;
		};
/* End XCBuildConfiguration section */

/* Begin XCConfigurationList section */
		045CD57D246688C800254881 /* Build configuration list for PBXProject "LXPlayerModule" */ = {
			isa = XCConfigurationList;
			buildConfigurations = (
				045CD599246688CC00254881 /* Debug */,
				045CD59A246688CC00254881 /* Release */,
			);
			defaultConfigurationIsVisible = 0;
			defaultConfigurationName = Release;
		};
		045CD59B246688CC00254881 /* Build configuration list for PBXNativeTarget "LXPlayerModule" */ = {
			isa = XCConfigurationList;
			buildConfigurations = (
				045CD59C246688CC00254881 /* Debug */,
				045CD59D246688CC00254881 /* Release */,
			);
			defaultConfigurationIsVisible = 0;
			defaultConfigurationName = Release;
		};
/* End XCConfigurationList section */
	};
	rootObject = 045CD57A246688C800254881 /* Project object */;
}
